
Microsoft Visual Studio Solution File, Format Version 12.00
# Visual Studio Version 17
VisualStudioVersion = 17.8.34525.116
MinimumVisualStudioVersion = 10.0.40219.1
Project("{FAE04EC0-301F-11D3-BF4B-00C04F79EFBC}") = "BlazorDiscovery", "BlazorDiscovery\BlazorDiscovery.csproj", "{BB91E42B-FE4E-4692-B8F7-ECE7ED82950A}"
EndProject
Global
	GlobalSection(SolutionConfigurationPlatforms) = preSolution
		Debug|Any CPU = Debug|Any CPU
		Release|Any CPU = Release|Any CPU
	EndGlobalSection
	GlobalSection(ProjectConfigurationPlatforms) = postSolution
		{BB91E42B-FE4E-4692-B8F7-ECE7ED82950A}.Debug|Any CPU.ActiveCfg = Debug|Any CPU
		{BB91E42B-FE4E-4692-B8F7-ECE7ED82950A}.Debug|Any CPU.Build.0 = Debug|Any CPU
		{BB91E42B-FE4E-4692-B8F7-ECE7ED82950A}.Release|Any CPU.ActiveCfg = Release|Any CPU
		{BB91E42B-FE4E-4692-B8F7-ECE7ED82950A}.Release|Any CPU.Build.0 = Release|Any CPU
	EndGlobalSection
	GlobalSection(SolutionProperties) = preSolution
		HideSolutionNode = FALSE
	EndGlobalSection
	GlobalSection(ExtensibilityGlobals) = postSolution
		SolutionGuid = {4C6A8AAD-F9C5-49A5-B619-0604F43307EB}
	EndGlobalSection
EndGlobal
